
Microsoft Visual Studio Solution File, Format Version 12.00
# Visual Studio Version 16
VisualStudioVersion = 16.0.32228.343
MinimumVisualStudioVersion = 10.0.40219.1
Project("{FAE04EC0-301F-11D3-BF4B-00C04F79EFBC}") = "webAppDb", "webAppDb\webAppDb.csproj", "{4370EE68-9977-498F-B824-C7BCF45C6064}"
EndProject
Global
	GlobalSection(SolutionConfigurationPlatforms) = preSolution
		Debug|Any CPU = Debug|Any CPU
		Release|Any CPU = Release|Any CPU
	EndGlobalSection
	GlobalSection(ProjectConfigurationPlatforms) = postSolution
		{4370EE68-9977-498F-B824-C7BCF45C6064}.Debug|Any CPU.ActiveCfg = Debug|Any CPU
		{4370EE68-9977-498F-B824-C7BCF45C6064}.Debug|Any CPU.Build.0 = Debug|Any CPU
		{4370EE68-9977-498F-B824-C7BCF45C6064}.Release|Any CPU.ActiveCfg = Release|Any CPU
		{4370EE68-9977-498F-B824-C7BCF45C6064}.Release|Any CPU.Build.0 = Release|Any CPU
	EndGlobalSection
	GlobalSection(SolutionProperties) = preSolution
		HideSolutionNode = FALSE
	EndGlobalSection
	GlobalSection(ExtensibilityGlobals) = postSolution
		SolutionGuid = {E89F1BFE-7E63-4A70-878A-8BBFC366F30D}
	EndGlobalSection
EndGlobal
